
Microsoft Visual Studio Solution File, Format Version 12.00
# Visual Studio Version 16
VisualStudioVersion = 16.0.30907.101
MinimumVisualStudioVersion = 10.0.40219.1
Project("{9A19103F-16F7-4668-BE54-9A1E7A4F7556}") = "KampIntro", "KampIntro\KampIntro.csproj", "{BD8FE169-53BE-4471-B425-3D8AC819F0E2}"
EndProject
Project("{9A19103F-16F7-4668-BE54-9A1E7A4F7556}") = "Donguler", "Donguler\Donguler.csproj", "{347E3CD6-2773-440C-9A37-2E9CD2C76BC0}"
EndProject
Project("{9A19103F-16F7-4668-BE54-9A1E7A4F7556}") = "ClassIntro", "ClassIntro\ClassIntro.csproj", "{133C0F16-5F33-460C-91F3-93E15DEA3BA8}"
EndProject
Project("{FAE04EC0-301F-11D3-BF4B-00C04F79EFBC}") = "Metodlar", "Metodlar\Metodlar.csproj", "{0C6C65EA-8F65-4FE7-9D12-A348E6452937}"
EndProject
Project("{FAE04EC0-301F-11D3-BF4B-00C04F79EFBC}") = "Matematik", "Matematik\Matematik.csproj", "{12230F0D-B281-45D6-9ADB-29748CCB0359}"
EndProject
Project("{FAE04EC0-301F-11D3-BF4B-00C04F79EFBC}") = "DegerVeReferansTipler", "DegerVeReferansTipler\DegerVeReferansTipler.csproj", "{519A1170-3586-4EE1-A52E-8673871A218E}"
EndProject
Global
	GlobalSection(SolutionConfigurationPlatforms) = preSolution
		Debug|Any CPU = Debug|Any CPU
		Release|Any CPU = Release|Any CPU
	EndGlobalSection
	GlobalSection(ProjectConfigurationPlatforms) = postSolution
		{BD8FE169-53BE-4471-B425-3D8AC819F0E2}.Debug|Any CPU.ActiveCfg = Debug|Any CPU
		{BD8FE169-53BE-4471-B425-3D8AC819F0E2}.Debug|Any CPU.Build.0 = Debug|Any CPU
		{BD8FE169-53BE-4471-B425-3D8AC819F0E2}.Release|Any CPU.ActiveCfg = Release|Any CPU
		{BD8FE169-53BE-4471-B425-3D8AC819F0E2}.Release|Any CPU.Build.0 = Release|Any CPU
		{347E3CD6-2773-440C-9A37-2E9CD2C76BC0}.Debug|Any CPU.ActiveCfg = Debug|Any CPU
		{347E3CD6-2773-440C-9A37-2E9CD2C76BC0}.Debug|Any CPU.Build.0 = Debug|Any CPU
		{347E3CD6-2773-440C-9A37-2E9CD2C76BC0}.Release|Any CPU.ActiveCfg = Release|Any CPU
		{347E3CD6-2773-440C-9A37-2E9CD2C76BC0}.Release|Any CPU.Build.0 = Release|Any CPU
		{133C0F16-5F33-460C-91F3-93E15DEA3BA8}.Debug|Any CPU.ActiveCfg = Debug|Any CPU
		{133C0F16-5F33-460C-91F3-93E15DEA3BA8}.Debug|Any CPU.Build.0 = Debug|Any CPU
		{133C0F16-5F33-460C-91F3-93E15DEA3BA8}.Release|Any CPU.ActiveCfg = Release|Any CPU
		{133C0F16-5F33-460C-91F3-93E15DEA3BA8}.Release|Any CPU.Build.0 = Release|Any CPU
		{0C6C65EA-8F65-4FE7-9D12-A348E6452937}.Debug|Any CPU.ActiveCfg = Debug|Any CPU
		{0C6C65EA-8F65-4FE7-9D12-A348E6452937}.Debug|Any CPU.Build.0 = Debug|Any CPU
		{0C6C65EA-8F65-4FE7-9D12-A348E6452937}.Release|Any CPU.ActiveCfg = Release|Any CPU
		{0C6C65EA-8F65-4FE7-9D12-A348E6452937}.Release|Any CPU.Build.0 = Release|Any CPU
		{12230F0D-B281-45D6-9ADB-29748CCB0359}.Debug|Any CPU.ActiveCfg = Debug|Any CPU
		{12230F0D-B281-45D6-9ADB-29748CCB0359}.Debug|Any CPU.Build.0 = Debug|Any CPU
		{12230F0D-B281-45D6-9ADB-29748CCB0359}.Release|Any CPU.ActiveCfg = Release|Any CPU
		{12230F0D-B281-45D6-9ADB-29748CCB0359}.Release|Any CPU.Build.0 = Release|Any CPU
		{519A1170-3586-4EE1-A52E-8673871A218E}.Debug|Any CPU.ActiveCfg = Debug|Any CPU
		{519A1170-3586-4EE1-A52E-8673871A218E}.Debug|Any CPU.Build.0 = Debug|Any CPU
		{519A1170-3586-4EE1-A52E-8673871A218E}.Release|Any CPU.ActiveCfg = Release|Any CPU
		{519A1170-3586-4EE1-A52E-8673871A218E}.Release|Any CPU.Build.0 = Release|Any CPU
	EndGlobalSection
	GlobalSection(SolutionProperties) = preSolution
		HideSolutionNode = FALSE
	EndGlobalSection
	GlobalSection(ExtensibilityGlobals) = postSolution
		SolutionGuid = {0A529484-151A-4B2B-BE95-DBA884D984FE}
	EndGlobalSection
EndGlobal
